# generated by rye
# use `rye lock` or `rye sync` to update this lockfile
#
# last locked with the following flags:
#   pre: false
#   features: []
#   all-features: false
#   with-sources: false
#   generate-hashes: false
#   universal: false

-e file:.
accelerate==0.32.1
    # via transformers
blinker==1.8.2
    # via flask
certifi==2024.7.4
    # via requests
charset-normalizer==3.3.2
    # via requests
click==8.1.7
    # via flask
deprecated==1.2.14
    # via opentelemetry-api
    # via opentelemetry-exporter-otlp-proto-grpc
    # via opentelemetry-exporter-otlp-proto-http
einops==0.8.0
    # via src
filelock==3.15.4
    # via huggingface-hub
    # via torch
    # via transformers
flask==3.0.3
    # via src
fsspec==2024.6.1
    # via huggingface-hub
    # via torch
googleapis-common-protos==1.63.2
    # via opentelemetry-exporter-otlp-proto-grpc
    # via opentelemetry-exporter-otlp-proto-http
grpcio==1.65.1
    # via opentelemetry-exporter-otlp-proto-grpc
huggingface-hub==0.24.0
    # via accelerate
    # via timm
    # via tokenizers
    # via transformers
idna==3.7
    # via requests
importlib-metadata==7.1.0
    # via opentelemetry-api
    # via opentelemetry-instrumentation-flask
itsdangerous==2.2.0
    # via flask
jinja2==3.1.4
    # via flask
    # via torch
markupsafe==2.1.5
    # via jinja2
    # via werkzeug
mpmath==1.3.0
    # via sympy
networkx==3.3
    # via torch
numpy==1.26.4
    # via accelerate
    # via torchvision
    # via transformers
opentelemetry-api==1.25.0
    # via opentelemetry-distro
    # via opentelemetry-exporter-otlp-proto-grpc
    # via opentelemetry-exporter-otlp-proto-http
    # via opentelemetry-instrumentation
    # via opentelemetry-instrumentation-flask
    # via opentelemetry-instrumentation-wsgi
    # via opentelemetry-sdk
    # via opentelemetry-semantic-conventions
opentelemetry-distro==0.46b0
    # via src
opentelemetry-exporter-otlp==1.25.0
    # via opentelemetry-distro
opentelemetry-exporter-otlp-proto-common==1.25.0
    # via opentelemetry-exporter-otlp-proto-grpc
    # via opentelemetry-exporter-otlp-proto-http
opentelemetry-exporter-otlp-proto-grpc==1.25.0
    # via opentelemetry-exporter-otlp
opentelemetry-exporter-otlp-proto-http==1.25.0
    # via opentelemetry-exporter-otlp
opentelemetry-instrumentation==0.46b0
    # via opentelemetry-distro
    # via opentelemetry-instrumentation-flask
    # via opentelemetry-instrumentation-wsgi
opentelemetry-instrumentation-flask==0.46b0
    # via src
opentelemetry-instrumentation-wsgi==0.46b0
    # via opentelemetry-instrumentation-flask
opentelemetry-proto==1.25.0
    # via opentelemetry-exporter-otlp-proto-common
    # via opentelemetry-exporter-otlp-proto-grpc
    # via opentelemetry-exporter-otlp-proto-http
opentelemetry-sdk==1.25.0
    # via opentelemetry-distro
    # via opentelemetry-exporter-otlp-proto-grpc
    # via opentelemetry-exporter-otlp-proto-http
opentelemetry-semantic-conventions==0.46b0
    # via opentelemetry-instrumentation-flask
    # via opentelemetry-instrumentation-wsgi
    # via opentelemetry-sdk
opentelemetry-util-http==0.46b0
    # via opentelemetry-instrumentation-flask
    # via opentelemetry-instrumentation-wsgi
packaging==24.1
    # via accelerate
    # via huggingface-hub
    # via opentelemetry-instrumentation-flask
    # via transformers
pillow==10.4.0
    # via src
    # via torchvision
protobuf==4.25.3
    # via googleapis-common-protos
    # via opentelemetry-proto
psutil==6.0.0
    # via accelerate
pyyaml==6.0.1
    # via accelerate
    # via huggingface-hub
    # via timm
    # via transformers
regex==2024.5.15
    # via transformers
requests==2.32.3
    # via huggingface-hub
    # via opentelemetry-exporter-otlp-proto-http
    # via transformers
safetensors==0.4.3
    # via accelerate
    # via timm
    # via transformers
setuptools==71.0.4
    # via opentelemetry-instrumentation
sympy==1.13.1
    # via torch
timm==1.0.7
    # via src
tokenizers==0.19.1
    # via transformers
torch==2.3.1
    # via accelerate
    # via timm
    # via torchvision
    # via transformers
torchvision==0.18.1
    # via timm
tqdm==4.66.4
    # via huggingface-hub
    # via transformers
transformers==4.42.4
    # via src
typing-extensions==4.12.2
    # via huggingface-hub
    # via opentelemetry-sdk
    # via torch
urllib3==2.2.2
    # via requests
werkzeug==3.0.3
    # via flask
wrapt==1.16.0
    # via deprecated
    # via opentelemetry-instrumentation
zipp==3.19.2
    # via importlib-metadata
